# THIS IS AN AUTOGENERATED FILE. DO NOT EDIT THIS FILE DIRECTLY.
# yarn lockfile v1


accepts@~1.3.3:
  version "1.3.3"
  resolved "https://registry.yarnpkg.com/accepts/-/accepts-1.3.3.tgz#c3ca7434938648c3e0d9c1e328dd68b622c284ca"
  dependencies:
    mime-types "~2.1.11"
    negotiator "0.6.1"

array-flatten@1.1.1:
  version "1.1.1"
  resolved "https://registry.yarnpkg.com/array-flatten/-/array-flatten-1.1.1.tgz#9a5f699051b1e7073328f2a008968b64ea2955d2"

async@^1.5.2:
  version "1.5.2"
  resolved "https://registry.yarnpkg.com/async/-/async-1.5.2.tgz#ec6a61ae56480c0c3cb241c95618e20892f9672a"

balanced-match@^1.0.0:
  version "1.0.0"
  resolved "https://registry.yarnpkg.com/balanced-match/-/balanced-match-1.0.0.tgz#89b4d199ab2bee49de164ea02b89ce462d71b767"

base64-url@1.3.3:
  version "1.3.3"
  resolved "https://registry.yarnpkg.com/base64-url/-/base64-url-1.3.3.tgz#f8b6c537f09a4fc58c99cb86e0b0e9c61461a20f"

brace-expansion@^1.0.0:
  version "1.1.11"
  resolved "https://registry.yarnpkg.com/brace-expansion/-/brace-expansion-1.1.11.tgz#3c7fcbf529d87226f3d2f52b966ff5271eb441dd"
  dependencies:
    balanced-match "^1.0.0"
    concat-map "0.0.1"

browser-stdout@1.3.0:
  version "1.3.0"
  resolved "https://registry.yarnpkg.com/browser-stdout/-/browser-stdout-1.3.0.tgz#f351d32969d32fa5d7a5567154263d928ae3bd1f"

buffer-shims@^1.0.0:
  version "1.0.0"
  resolved "https://registry.yarnpkg.com/buffer-shims/-/buffer-shims-1.0.0.tgz#9978ce317388c649ad8793028c3477ef044a8b51"

capture-stack-trace@^1.0.0:
  version "1.0.0"
  resolved "https://registry.yarnpkg.com/capture-stack-trace/-/capture-stack-trace-1.0.0.tgz#4a6fa07399c26bba47f0b2496b4d0fb408c5550d"

combined-stream@^1.0.5:
  version "1.0.5"
  resolved "https://registry.yarnpkg.com/combined-stream/-/combined-stream-1.0.5.tgz#938370a57b4a51dea2c77c15d5c5fdf895164009"
  dependencies:
    delayed-stream "~1.0.0"

commander@2.9.0:
  version "2.9.0"
  resolved "https://registry.yarnpkg.com/commander/-/commander-2.9.0.tgz#9c99094176e12240cb22d6c5146098400fe0f7d4"
  dependencies:
    graceful-readlink ">= 1.0.0"

component-emitter@^1.2.0:
  version "1.2.1"
  resolved "https://registry.yarnpkg.com/component-emitter/-/component-emitter-1.2.1.tgz#137918d6d78283f7df7a6b7c5a63e140e69425e6"

concat-map@0.0.1:
  version "0.0.1"
  resolved "https://registry.yarnpkg.com/concat-map/-/concat-map-0.0.1.tgz#d8a96bd77fd68df7793a73036a3ba0d5405d477b"

connect-memjs@0.1.0:
  version "0.1.0"
  resolved "https://registry.yarnpkg.com/connect-memjs/-/connect-memjs-0.1.0.tgz#05eac7213e672636593183578f64229c11af92e9"
  dependencies:
    memjs ">= 0.9.0"

content-disposition@0.5.2:
  version "0.5.2"
  resolved "https://registry.yarnpkg.com/content-disposition/-/content-disposition-0.5.2.tgz#0cf68bb9ddf5f2be7961c3a85178cb85dba78cb4"

content-type@~1.0.2:
  version "1.0.2"
  resolved "https://registry.yarnpkg.com/content-type/-/content-type-1.0.2.tgz#b7d113aee7a8dd27bd21133c4dc2529df1721eed"

cookie-parser@1.4.3:
  version "1.4.3"
  resolved "https://registry.yarnpkg.com/cookie-parser/-/cookie-parser-1.4.3.tgz#0fe31fa19d000b95f4aadf1f53fdc2b8a203baa5"
  dependencies:
    cookie "0.3.1"
    cookie-signature "1.0.6"

cookie-signature@1.0.6:
  version "1.0.6"
  resolved "https://registry.yarnpkg.com/cookie-signature/-/cookie-signature-1.0.6.tgz#e303a882b342cc3ee8ca513a79999734dab3ae2c"

cookie@0.3.1:
  version "0.3.1"
  resolved "https://registry.yarnpkg.com/cookie/-/cookie-0.3.1.tgz#e7e0a1f9ef43b4c8ba925c5c5a96e806d16873bb"

cookiejar@^2.0.6:
  version "2.1.0"
  resolved "https://registry.yarnpkg.com/cookiejar/-/cookiejar-2.1.0.tgz#86549689539b6d0e269b6637a304be508194d898"

core-util-is@~1.0.0:
  version "1.0.2"
  resolved "https://registry.yarnpkg.com/core-util-is/-/core-util-is-1.0.2.tgz#b5fd54220aa2bc5ab57aab7140c940754503c1a7"

crc@3.4.4:
  version "3.4.4"
  resolved "https://registry.yarnpkg.com/crc/-/crc-3.4.4.tgz#9da1e980e3bd44fc5c93bf5ab3da3378d85e466b"

create-error-class@^3.0.0:
  version "3.0.2"
  resolved "https://registry.yarnpkg.com/create-error-class/-/create-error-class-3.0.2.tgz#06be7abef947a3f14a30fd610671d401bca8b7b6"
  dependencies:
    capture-stack-trace "^1.0.0"

debug@2.2.0, debug@~2.2.0:
  version "2.2.0"
  resolved "https://registry.yarnpkg.com/debug/-/debug-2.2.0.tgz#f87057e995b1a1f6ae6a4960664137bc56f039da"
  dependencies:
    ms "0.7.1"

debug@2.6.0, debug@^2.2.0:
  version "2.6.0"
  resolved "https://registry.yarnpkg.com/debug/-/debug-2.6.0.tgz#bc596bcabe7617f11d9fa15361eded5608b8499b"
  dependencies:
    ms "0.7.2"

delayed-stream@~1.0.0:
  version "1.0.0"
  resolved "https://registry.yarnpkg.com/delayed-stream/-/delayed-stream-1.0.0.tgz#df3ae199acadfb7d440aaae0b29e2272b24ec619"

depd@~1.1.0:
  version "1.1.0"
  resolved "https://registry.yarnpkg.com/depd/-/depd-1.1.0.tgz#e1bd82c6aab6ced965b97b88b17ed3e528ca18c3"

destroy@~1.0.4:
  version "1.0.4"
  resolved "https://registry.yarnpkg.com/destroy/-/destroy-1.0.4.tgz#978857442c44749e4206613e37946205826abd80"

diff@1.4.0:
  version "1.4.0"
  resolved "https://registry.yarnpkg.com/diff/-/diff-1.4.0.tgz#7f28d2eb9ee7b15a97efd89ce63dcfdaa3ccbabf"

dns-packet@^1.1.0:
  version "1.3.4"
  resolved "https://registry.yarnpkg.com/dns-packet/-/dns-packet-1.3.4.tgz#e3455065824a2507ba886c55a89963bb107dec6f"
  dependencies:
    ip "^1.1.0"
    safe-buffer "^5.0.1"

dns-socket@^1.6.1:
  version "1.6.1"
  resolved "https://registry.yarnpkg.com/dns-socket/-/dns-socket-1.6.1.tgz#3f9b29c43184b3332c856e9c34a6a6bf73756bbd"
  dependencies:
    dns-packet "^1.1.0"

duplexer3@^0.1.4:
  version "0.1.4"
  resolved "https://registry.yarnpkg.com/duplexer3/-/duplexer3-0.1.4.tgz#ee01dd1cac0ed3cbc7fdbea37dc0a8f1ce002ce2"

ee-first@1.1.1:
  version "1.1.1"
  resolved "https://registry.yarnpkg.com/ee-first/-/ee-first-1.1.1.tgz#590c61156b0ae2f4f0255732a158b266bc56b21d"

encodeurl@~1.0.1:
  version "1.0.1"
  resolved "https://registry.yarnpkg.com/encodeurl/-/encodeurl-1.0.1.tgz#79e3d58655346909fe6f0f45a5de68103b294d20"

escape-html@~1.0.3:
  version "1.0.3"
  resolved "https://registry.yarnpkg.com/escape-html/-/escape-html-1.0.3.tgz#0258eae4d3d0c0974de1c169188ef0051d1d1988"

escape-string-regexp@1.0.5:
  version "1.0.5"
  resolved "https://registry.yarnpkg.com/escape-string-regexp/-/escape-string-regexp-1.0.5.tgz#1b61c0562190a8dff6ae3bb2cf0200ca130b86d4"

etag@~1.7.0:
  version "1.7.0"
  resolved "https://registry.yarnpkg.com/etag/-/etag-1.7.0.tgz#03d30b5f67dd6e632d2945d30d6652731a34d5d8"

express-session@1.15.0:
  version "1.15.0"
  resolved "https://registry.yarnpkg.com/express-session/-/express-session-1.15.0.tgz#67131dd5b78a42bc57b50af0a14880265c03f919"
  dependencies:
    cookie "0.3.1"
    cookie-signature "1.0.6"
    crc "3.4.4"
    debug "2.6.0"
    depd "~1.1.0"
    on-headers "~1.0.1"
    parseurl "~1.3.1"
    uid-safe "~2.1.3"
    utils-merge "1.0.0"

express@4.14.1:
  version "4.14.1"
  resolved "https://registry.yarnpkg.com/express/-/express-4.14.1.tgz#646c237f766f148c2120aff073817b9e4d7e0d33"
  dependencies:
    accepts "~1.3.3"
    array-flatten "1.1.1"
    content-disposition "0.5.2"
    content-type "~1.0.2"
    cookie "0.3.1"
    cookie-signature "1.0.6"
    debug "~2.2.0"
    depd "~1.1.0"
    encodeurl "~1.0.1"
    escape-html "~1.0.3"
    etag "~1.7.0"
    finalhandler "0.5.1"
    fresh "0.3.0"
    merge-descriptors "1.0.1"
    methods "~1.1.2"
    on-finished "~2.3.0"
    parseurl "~1.3.1"
    path-to-regexp "0.1.7"
    proxy-addr "~1.1.3"
    qs "6.2.0"
    range-parser "~1.2.0"
    send "0.14.2"
    serve-static "~1.11.2"
    type-is "~1.6.14"
    utils-merge "1.0.0"
    vary "~1.1.0"

extend@^3.0.0:
  version "3.0.2"
  resolved "https://registry.yarnpkg.com/extend/-/extend-3.0.2.tgz#f8b1136b4071fbd8eb140aff858b1019ec2915fa"

fill-keys@^1.0.2:
  version "1.0.2"
  resolved "https://registry.yarnpkg.com/fill-keys/-/fill-keys-1.0.2.tgz#9a8fa36f4e8ad634e3bf6b4f3c8882551452eb20"
  dependencies:
    is-object "~1.0.1"
    merge-descriptors "~1.0.0"

finalhandler@0.5.1:
  version "0.5.1"
  resolved "https://registry.yarnpkg.com/finalhandler/-/finalhandler-0.5.1.tgz#2c400d8d4530935bc232549c5fa385ec07de6fcd"
  dependencies:
    debug "~2.2.0"
    escape-html "~1.0.3"
    on-finished "~2.3.0"
    statuses "~1.3.1"
    unpipe "~1.0.0"

form-data@1.0.0-rc4:
  version "1.0.0-rc4"
  resolved "https://registry.yarnpkg.com/form-data/-/form-data-1.0.0-rc4.tgz#05ac6bc22227b43e4461f488161554699d4f8b5e"
  dependencies:
    async "^1.5.2"
    combined-stream "^1.0.5"
    mime-types "^2.1.10"

formatio@1.1.1:
  version "1.1.1"
  resolved "https://registry.yarnpkg.com/formatio/-/formatio-1.1.1.tgz#5ed3ccd636551097383465d996199100e86161e9"
  dependencies:
    samsam "~1.1"

formidable@^1.0.17:
  version "1.1.1"
  resolved "https://registry.yarnpkg.com/formidable/-/formidable-1.1.1.tgz#96b8886f7c3c3508b932d6bd70c4d3a88f35f1a9"

forwarded@~0.1.0:
  version "0.1.2"
  resolved "https://registry.yarnpkg.com/forwarded/-/forwarded-0.1.2.tgz#98c23dab1175657b8c0573e8ceccd91b0ff18c84"

fresh@0.3.0:
  version "0.3.0"
  resolved "https://registry.yarnpkg.com/fresh/-/fresh-0.3.0.tgz#651f838e22424e7566de161d8358caa199f83d4f"

fs.realpath@^1.0.0:
  version "1.0.0"
  resolved "https://registry.yarnpkg.com/fs.realpath/-/fs.realpath-1.0.0.tgz#1504ad2523158caa40db4a2787cb01411994ea4f"

get-stream@^3.0.0:
  version "3.0.0"
  resolved "https://registry.yarnpkg.com/get-stream/-/get-stream-3.0.0.tgz#8e943d1358dc37555054ecbe2edb05aa174ede14"

glob@7.0.5:
  version "7.0.5"
  resolved "https://registry.yarnpkg.com/glob/-/glob-7.0.5.tgz#b4202a69099bbb4d292a7c1b95b6682b67ebdc95"
  dependencies:
    fs.realpath "^1.0.0"
    inflight "^1.0.4"
    inherits "2"
    minimatch "^3.0.2"
    once "^1.3.0"
    path-is-absolute "^1.0.0"

got@^6.7.1:
  version "6.7.1"
  resolved "https://registry.yarnpkg.com/got/-/got-6.7.1.tgz#240cd05785a9a18e561dc1b44b41c763ef1e8db0"
  dependencies:
    create-error-class "^3.0.0"
    duplexer3 "^0.1.4"
    get-stream "^3.0.0"
    is-redirect "^1.0.0"
    is-retry-allowed "^1.0.0"
    is-stream "^1.0.0"
    lowercase-keys "^1.0.0"
    safe-buffer "^5.0.1"
    timed-out "^4.0.0"
    unzip-response "^2.0.1"
    url-parse-lax "^1.0.0"

"graceful-readlink@>= 1.0.0":
  version "1.0.1"
  resolved "https://registry.yarnpkg.com/graceful-readlink/-/graceful-readlink-1.0.1.tgz#4cafad76bc62f02fa039b2f94e9a3dd3a391a725"

growl@1.9.2:
  version "1.9.2"
  resolved "https://registry.yarnpkg.com/growl/-/growl-1.9.2.tgz#0ea7743715db8d8de2c5ede1775e1b45ac85c02f"

has-flag@^1.0.0:
  version "1.0.0"
  resolved "https://registry.yarnpkg.com/has-flag/-/has-flag-1.0.0.tgz#9d9e793165ce017a00f00418c43f942a7b1d11fa"

http-errors@~1.5.1:
  version "1.5.1"
  resolved "https://registry.yarnpkg.com/http-errors/-/http-errors-1.5.1.tgz#788c0d2c1de2c81b9e6e8c01843b6b97eb920750"
  dependencies:
    inherits "2.0.3"
    setprototypeof "1.0.2"
    statuses ">= 1.3.1 < 2"

inflight@^1.0.4:
  version "1.0.6"
  resolved "https://registry.yarnpkg.com/inflight/-/inflight-1.0.6.tgz#49bd6331d7d02d0c09bc910a1075ba8165b56df9"
  dependencies:
    once "^1.3.0"
    wrappy "1"

inherits@2, inherits@2.0.3, inherits@~2.0.1:
  version "2.0.3"
  resolved "https://registry.yarnpkg.com/inherits/-/inherits-2.0.3.tgz#633c2c83e3da42a502f52466022480f4208261de"

inherits@2.0.1:
  version "2.0.1"
  resolved "https://registry.yarnpkg.com/inherits/-/inherits-2.0.1.tgz#b17d08d326b4423e568eff719f91b0b1cbdf69f1"

ip@^1.1.0:
  version "1.1.5"
  resolved "https://registry.yarnpkg.com/ip/-/ip-1.1.5.tgz#bdded70114290828c0a039e72ef25f5aaec4354a"

ipaddr.js@1.2.0:
  version "1.2.0"
  resolved "https://registry.yarnpkg.com/ipaddr.js/-/ipaddr.js-1.2.0.tgz#8aba49c9192799585bdd643e0ccb50e8ae777ba4"

is-object@~1.0.1:
  version "1.0.1"
  resolved "https://registry.yarnpkg.com/is-object/-/is-object-1.0.1.tgz#8952688c5ec2ffd6b03ecc85e769e02903083470"

is-redirect@^1.0.0:
  version "1.0.0"
  resolved "https://registry.yarnpkg.com/is-redirect/-/is-redirect-1.0.0.tgz#1d03dded53bd8db0f30c26e4f95d36fc7c87dc24"

is-retry-allowed@^1.0.0:
  version "1.1.0"
  resolved "https://registry.yarnpkg.com/is-retry-allowed/-/is-retry-allowed-1.1.0.tgz#11a060568b67339444033d0125a61a20d564fb34"

is-stream@^1.0.0:
  version "1.1.0"
  resolved "https://registry.yarnpkg.com/is-stream/-/is-stream-1.1.0.tgz#12d4a3dd4e68e0b79ceb8dbc84173ae80d91ca44"

isarray@~1.0.0:
  version "1.0.0"
  resolved "https://registry.yarnpkg.com/isarray/-/isarray-1.0.0.tgz#bb935d48582cba168c06834957a54a3e07124f11"

json3@3.3.2:
  version "3.3.2"
  resolved "https://registry.yarnpkg.com/json3/-/json3-3.3.2.tgz#3c0434743df93e2f5c42aee7b19bcb483575f4e1"

lodash._baseassign@^3.0.0:
  version "3.2.0"
  resolved "https://registry.yarnpkg.com/lodash._baseassign/-/lodash._baseassign-3.2.0.tgz#8c38a099500f215ad09e59f1722fd0c52bfe0a4e"
  dependencies:
    lodash._basecopy "^3.0.0"
    lodash.keys "^3.0.0"

lodash._basecopy@^3.0.0:
  version "3.0.1"
  resolved "https://registry.yarnpkg.com/lodash._basecopy/-/lodash._basecopy-3.0.1.tgz#8da0e6a876cf344c0ad8a54882111dd3c5c7ca36"

lodash._basecreate@^3.0.0:
  version "3.0.3"
  resolved "https://registry.yarnpkg.com/lodash._basecreate/-/lodash._basecreate-3.0.3.tgz#1bc661614daa7fc311b7d03bf16806a0213cf821"

lodash._getnative@^3.0.0:
  version "3.9.1"
  resolved "https://registry.yarnpkg.com/lodash._getnative/-/lodash._getnative-3.9.1.tgz#570bc7dede46d61cdcde687d65d3eecbaa3aaff5"

lodash._isiterateecall@^3.0.0:
  version "3.0.9"
  resolved "https://registry.yarnpkg.com/lodash._isiterateecall/-/lodash._isiterateecall-3.0.9.tgz#5203ad7ba425fae842460e696db9cf3e6aac057c"

lodash.create@3.1.1:
  version "3.1.1"
  resolved "https://registry.yarnpkg.com/lodash.create/-/lodash.create-3.1.1.tgz#d7f2849f0dbda7e04682bb8cd72ab022461debe7"
  dependencies:
    lodash._baseassign "^3.0.0"
    lodash._basecreate "^3.0.0"
    lodash._isiterateecall "^3.0.0"

lodash.isarguments@^3.0.0:
  version "3.1.0"
  resolved "https://registry.yarnpkg.com/lodash.isarguments/-/lodash.isarguments-3.1.0.tgz#2f573d85c6a24289ff00663b491c1d338ff3458a"

lodash.isarray@^3.0.0:
  version "3.0.4"
  resolved "https://registry.yarnpkg.com/lodash.isarray/-/lodash.isarray-3.0.4.tgz#79e4eb88c36a8122af86f844aa9bcd851b5fbb55"

lodash.keys@^3.0.0:
  version "3.1.2"
  resolved "https://registry.yarnpkg.com/lodash.keys/-/lodash.keys-3.1.2.tgz#4dbc0472b156be50a0b286855d1bd0b0c656098a"
  dependencies:
    lodash._getnative "^3.0.0"
    lodash.isarguments "^3.0.0"
    lodash.isarray "^3.0.0"

lolex@1.3.2:
  version "1.3.2"
  resolved "https://registry.yarnpkg.com/lolex/-/lolex-1.3.2.tgz#7c3da62ffcb30f0f5a80a2566ca24e45d8a01f31"

lowercase-keys@^1.0.0:
  version "1.0.0"
  resolved "https://registry.yarnpkg.com/lowercase-keys/-/lowercase-keys-1.0.0.tgz#4e3366b39e7f5457e35f1324bdf6f88d0bfc7306"

media-typer@0.3.0:
  version "0.3.0"
  resolved "https://registry.yarnpkg.com/media-typer/-/media-typer-0.3.0.tgz#8710d7af0aa626f8fffa1ce00168545263255748"

"memjs@>= 0.9.0":
  version "0.10.0"
  resolved "https://registry.yarnpkg.com/memjs/-/memjs-0.10.0.tgz#5dd549c8c8561aaca7a13e8339f4a7cd88c65efd"

merge-descriptors@1.0.1, merge-descriptors@~1.0.0:
  version "1.0.1"
  resolved "https://registry.yarnpkg.com/merge-descriptors/-/merge-descriptors-1.0.1.tgz#b00aaa556dd8b44568150ec9d1b953f3f90cbb61"

methods@1.x, methods@^1.1.1, methods@~1.1.2:
  version "1.1.2"
  resolved "https://registry.yarnpkg.com/methods/-/methods-1.1.2.tgz#5529a4d67654134edcc5266656835b0f851afcee"

mime-db@~1.25.0:
  version "1.25.0"
  resolved "https://registry.yarnpkg.com/mime-db/-/mime-db-1.25.0.tgz#c18dbd7c73a5dbf6f44a024dc0d165a1e7b1c392"

mime-types@^2.1.10, mime-types@~2.1.11, mime-types@~2.1.13:
  version "2.1.13"
  resolved "https://registry.yarnpkg.com/mime-types/-/mime-types-2.1.13.tgz#e07aaa9c6c6b9a7ca3012c69003ad25a39e92a88"
  dependencies:
    mime-db "~1.25.0"

mime@1.3.4, mime@^1.3.4:
  version "1.3.4"
  resolved "https://registry.yarnpkg.com/mime/-/mime-1.3.4.tgz#115f9e3b6b3daf2959983cb38f149a2d40eb5d53"

minimatch@^3.0.2:
  version "3.0.3"
  resolved "https://registry.yarnpkg.com/minimatch/-/minimatch-3.0.3.tgz#2a4e4090b96b2db06a9d7df01055a62a77c9b774"
  dependencies:
    brace-expansion "^1.0.0"

minimist@0.0.8:
  version "0.0.8"
  resolved "https://registry.yarnpkg.com/minimist/-/minimist-0.0.8.tgz#857fcabfc3397d2625b8228262e86aa7a011b05d"

mkdirp@0.5.1:
  version "0.5.1"
  resolved "https://registry.yarnpkg.com/mkdirp/-/mkdirp-0.5.1.tgz#30057438eac6cf7f8c4767f38648d6697d75c903"
  dependencies:
    minimist "0.0.8"

mocha@3.2.0:
  version "3.2.0"
  resolved "https://registry.yarnpkg.com/mocha/-/mocha-3.2.0.tgz#7dc4f45e5088075171a68896814e6ae9eb7a85e3"
  dependencies:
    browser-stdout "1.3.0"
    commander "2.9.0"
    debug "2.2.0"
    diff "1.4.0"
    escape-string-regexp "1.0.5"
    glob "7.0.5"
    growl "1.9.2"
    json3 "3.3.2"
    lodash.create "3.1.1"
    mkdirp "0.5.1"
    supports-color "3.1.2"

module-not-found-error@^1.0.0:
  version "1.0.1"
  resolved "https://registry.yarnpkg.com/module-not-found-error/-/module-not-found-error-1.0.1.tgz#cf8b4ff4f29640674d6cdd02b0e3bc523c2bbdc0"

ms@0.7.1:
  version "0.7.1"
  resolved "https://registry.yarnpkg.com/ms/-/ms-0.7.1.tgz#9cd13c03adbff25b65effde7ce864ee952017098"

ms@0.7.2:
  version "0.7.2"
  resolved "https://registry.yarnpkg.com/ms/-/ms-0.7.2.tgz#ae25cf2512b3885a1d95d7f037868d8431124765"

negotiator@0.6.1:
  version "0.6.1"
  resolved "https://registry.yarnpkg.com/negotiator/-/negotiator-0.6.1.tgz#2b327184e8992101177b28563fb5e7102acd0ca9"

on-finished@~2.3.0:
  version "2.3.0"
  resolved "https://registry.yarnpkg.com/on-finished/-/on-finished-2.3.0.tgz#20f1336481b083cd75337992a16971aa2d906947"
  dependencies:
    ee-first "1.1.1"

on-headers@~1.0.1:
  version "1.0.1"
  resolved "https://registry.yarnpkg.com/on-headers/-/on-headers-1.0.1.tgz#928f5d0f470d49342651ea6794b0857c100693f7"

once@^1.3.0:
  version "1.4.0"
  resolved "https://registry.yarnpkg.com/once/-/once-1.4.0.tgz#583b1aa775961d4b113ac17d9c50baef9dd76bd1"
  dependencies:
    wrappy "1"

parseurl@~1.3.1:
  version "1.3.1"
  resolved "https://registry.yarnpkg.com/parseurl/-/parseurl-1.3.1.tgz#c8ab8c9223ba34888aa64a297b28853bec18da56"

path-is-absolute@^1.0.0:
  version "1.0.1"
  resolved "https://registry.yarnpkg.com/path-is-absolute/-/path-is-absolute-1.0.1.tgz#174b9268735534ffbc7ace6bf53a5a9e1b5c5f5f"

path-to-regexp@0.1.7:
  version "0.1.7"
  resolved "https://registry.yarnpkg.com/path-to-regexp/-/path-to-regexp-0.1.7.tgz#df604178005f522f15eb4490e7247a1bfaa67f8c"

pify@^2.3.0:
  version "2.3.0"
  resolved "https://registry.yarnpkg.com/pify/-/pify-2.3.0.tgz#ed141a6ac043a849ea588498e7dca8b15330e90c"

prepend-http@^1.0.1:
  version "1.0.4"
  resolved "https://registry.yarnpkg.com/prepend-http/-/prepend-http-1.0.4.tgz#d4f4562b0ce3696e41ac52d0e002e57a635dc6dc"

process-nextick-args@~1.0.6:
  version "1.0.7"
  resolved "https://registry.yarnpkg.com/process-nextick-args/-/process-nextick-args-1.0.7.tgz#150e20b756590ad3f91093f25a4f2ad8bff30ba3"

proxy-addr@~1.1.3:
  version "1.1.3"
  resolved "https://registry.yarnpkg.com/proxy-addr/-/proxy-addr-1.1.3.tgz#dc97502f5722e888467b3fa2297a7b1ff47df074"
  dependencies:
    forwarded "~0.1.0"
    ipaddr.js "1.2.0"

proxyquire@1.7.10:
  version "1.7.10"
  resolved "https://registry.yarnpkg.com/proxyquire/-/proxyquire-1.7.10.tgz#75be0770a81188f4d08bd01dfc30b767365aa20d"
  dependencies:
    fill-keys "^1.0.2"
    module-not-found-error "^1.0.0"
    resolve "~1.1.7"

public-ip@2.1.0:
  version "2.1.0"
  resolved "https://registry.yarnpkg.com/public-ip/-/public-ip-2.1.0.tgz#95fc573553cb3ca9b37cfbc24430b06edcb7223e"
  dependencies:
    dns-socket "^1.6.1"
    got "^6.7.1"
    pify "^2.3.0"

qs@6.2.0, qs@^6.1.0:
  version "6.2.0"
  resolved "https://registry.yarnpkg.com/qs/-/qs-6.2.0.tgz#3b7848c03c2dece69a9522b0fae8c4126d745f3b"

random-bytes@~1.0.0:
  version "1.0.0"
  resolved "https://registry.yarnpkg.com/random-bytes/-/random-bytes-1.0.0.tgz#4f68a1dc0ae58bd3fb95848c30324db75d64360b"

range-parser@~1.2.0:
  version "1.2.0"
  resolved "https://registry.yarnpkg.com/range-parser/-/range-parser-1.2.0.tgz#f49be6b487894ddc40dcc94a322f611092e00d5e"

readable-stream@^2.0.5:
  version "2.2.2"
  resolved "https://registry.yarnpkg.com/readable-stream/-/readable-stream-2.2.2.tgz#a9e6fec3c7dda85f8bb1b3ba7028604556fc825e"
  dependencies:
    buffer-shims "^1.0.0"
    core-util-is "~1.0.0"
    inherits "~2.0.1"
    isarray "~1.0.0"
    process-nextick-args "~1.0.6"
    string_decoder "~0.10.x"
    util-deprecate "~1.0.1"

resolve@~1.1.7:
  version "1.1.7"
  resolved "https://registry.yarnpkg.com/resolve/-/resolve-1.1.7.tgz#203114d82ad2c5ed9e8e0411b3932875e889e97b"

safe-buffer@^5.0.1:
  version "5.2.1"
  resolved "https://registry.yarnpkg.com/safe-buffer/-/safe-buffer-5.2.1.tgz#1eaf9fa9bdb1fdd4ec75f58f9cdb4e6b7827eec6"

samsam@1.1.2, samsam@~1.1:
  version "1.1.2"
  resolved "https://registry.yarnpkg.com/samsam/-/samsam-1.1.2.tgz#bec11fdc83a9fda063401210e40176c3024d1567"

send@0.14.2:
  version "0.14.2"
  resolved "https://registry.yarnpkg.com/send/-/send-0.14.2.tgz#39b0438b3f510be5dc6f667a11f71689368cdeef"
  dependencies:
    debug "~2.2.0"
    depd "~1.1.0"
    destroy "~1.0.4"
    encodeurl "~1.0.1"
    escape-html "~1.0.3"
    etag "~1.7.0"
    fresh "0.3.0"
    http-errors "~1.5.1"
    mime "1.3.4"
    ms "0.7.2"
    on-finished "~2.3.0"
    range-parser "~1.2.0"
    statuses "~1.3.1"

serve-static@~1.11.2:
  version "1.11.2"
  resolved "https://registry.yarnpkg.com/serve-static/-/serve-static-1.11.2.tgz#2cf9889bd4435a320cc36895c9aa57bd662e6ac7"
  dependencies:
    encodeurl "~1.0.1"
    escape-html "~1.0.3"
    parseurl "~1.3.1"
    send "0.14.2"

setprototypeof@1.0.2:
  version "1.0.2"
  resolved "https://registry.yarnpkg.com/setprototypeof/-/setprototypeof-1.0.2.tgz#81a552141ec104b88e89ce383103ad5c66564d08"

sinon@1.17.7:
  version "1.17.7"
  resolved "https://registry.yarnpkg.com/sinon/-/sinon-1.17.7.tgz#4542a4f49ba0c45c05eb2e9dd9d203e2b8efe0bf"
  dependencies:
    formatio "1.1.1"
    lolex "1.3.2"
    samsam "1.1.2"
    util ">=0.10.3 <1"

"statuses@>= 1.3.1 < 2", statuses@~1.3.1:
  version "1.3.1"
  resolved "https://registry.yarnpkg.com/statuses/-/statuses-1.3.1.tgz#faf51b9eb74aaef3b3acf4ad5f61abf24cb7b93e"

string_decoder@~0.10.x:
  version "0.10.31"
  resolved "https://registry.yarnpkg.com/string_decoder/-/string_decoder-0.10.31.tgz#62e203bc41766c6c28c9fc84301dab1c5310fa94"

superagent@^2.0.0:
  version "2.3.0"
  resolved "https://registry.yarnpkg.com/superagent/-/superagent-2.3.0.tgz#703529a0714e57e123959ddefbce193b2e50d115"
  dependencies:
    component-emitter "^1.2.0"
    cookiejar "^2.0.6"
    debug "^2.2.0"
    extend "^3.0.0"
    form-data "1.0.0-rc4"
    formidable "^1.0.17"
    methods "^1.1.1"
    mime "^1.3.4"
    qs "^6.1.0"
    readable-stream "^2.0.5"

supertest@2.0.1:
  version "2.0.1"
  resolved "https://registry.yarnpkg.com/supertest/-/supertest-2.0.1.tgz#a058081d788f1515d4700d7502881e6b759e44cd"
  dependencies:
    methods "1.x"
    superagent "^2.0.0"

supports-color@3.1.2:
  version "3.1.2"
  resolved "https://registry.yarnpkg.com/supports-color/-/supports-color-3.1.2.tgz#72a262894d9d408b956ca05ff37b2ed8a6e2a2d5"
  dependencies:
    has-flag "^1.0.0"

timed-out@^4.0.0:
  version "4.0.1"
  resolved "https://registry.yarnpkg.com/timed-out/-/timed-out-4.0.1.tgz#f32eacac5a175bea25d7fab565ab3ed8741ef56f"

type-is@~1.6.14:
  version "1.6.14"
  resolved "https://registry.yarnpkg.com/type-is/-/type-is-1.6.14.tgz#e219639c17ded1ca0789092dd54a03826b817cb2"
  dependencies:
    media-typer "0.3.0"
    mime-types "~2.1.13"

uid-safe@~2.1.3:
  version "2.1.3"
  resolved "https://registry.yarnpkg.com/uid-safe/-/uid-safe-2.1.3.tgz#077e264a00b3187936b270bb7376a26473631071"
  dependencies:
    base64-url "1.3.3"
    random-bytes "~1.0.0"

unpipe@~1.0.0:
  version "1.0.0"
  resolved "https://registry.yarnpkg.com/unpipe/-/unpipe-1.0.0.tgz#b2bf4ee8514aae6165b4817829d21b2ef49904ec"

unzip-response@^2.0.1:
  version "2.0.1"
  resolved "https://registry.yarnpkg.com/unzip-response/-/unzip-response-2.0.1.tgz#d2f0f737d16b0615e72a6935ed04214572d56f97"

url-parse-lax@^1.0.0:
  version "1.0.0"
  resolved "https://registry.yarnpkg.com/url-parse-lax/-/url-parse-lax-1.0.0.tgz#7af8f303645e9bd79a272e7a14ac68bc0609da73"
  dependencies:
    prepend-http "^1.0.1"

util-deprecate@~1.0.1:
  version "1.0.2"
  resolved "https://registry.yarnpkg.com/util-deprecate/-/util-deprecate-1.0.2.tgz#450d4dc9fa70de732762fbd2d4a28981419a0ccf"

"util@>=0.10.3 <1":
  version "0.10.3"
  resolved "https://registry.yarnpkg.com/util/-/util-0.10.3.tgz#7afb1afe50805246489e3db7fe0ed379336ac0f9"
  dependencies:
    inherits "2.0.1"

utils-merge@1.0.0:
  version "1.0.0"
  resolved "https://registry.yarnpkg.com/utils-merge/-/utils-merge-1.0.0.tgz#0294fb922bb9375153541c4f7096231f287c8af8"

vary@~1.1.0:
  version "1.1.0"
  resolved "https://registry.yarnpkg.com/vary/-/vary-1.1.0.tgz#e1e5affbbd16ae768dd2674394b9ad3022653140"

wrappy@1:
  version "1.0.2"
  resolved "https://registry.yarnpkg.com/wrappy/-/wrappy-1.0.2.tgz#b5243d8f3ec1aa35f1364605bc0d1036e30ab69f"
